{
  "name": "be-enhanced",
  "version": "0.0.172",
  "lockfileVersion": 3,
  "requires": true,
  "packages": {
    "": {
      "name": "be-enhanced",
      "version": "0.0.172",
      "license": "MIT",
      "dependencies": {
        "trans-render": "0.0.892"
      },
      "devDependencies": {
        "ssi-server": "0.0.1"
      }
    },
    "node_modules/mount-observer": {
      "version": "0.0.47",
      "resolved": "https://registry.npmjs.org/mount-observer/-/mount-observer-0.0.47.tgz",
      "integrity": "sha512-gIoFnQSQUcb0WyXeYaCFU1OXkUwkK3gcHWLQ/HZifLMQ5xwUmj8fbrg3AZ183KZZGGD3mVR1RfiUxfr/eXvcWg==",
      "license": "MIT"
    },
    "node_modules/ssi-server": {
      "version": "0.0.1",
      "resolved": "https://registry.npmjs.org/ssi-server/-/ssi-server-0.0.1.tgz",
      "integrity": "sha512-HdgGAl+z7O0lq3Bl4cCnj4tKg7mG3rI4srKnaoPTHIzHO4QMMdvP9z6IDRz1fIpgLBMi6b6ZnvbYa2TSPjBhpg==",
      "dev": true
    },
    "node_modules/trans-render": {
      "version": "0.0.892",
      "resolved": "https://registry.npmjs.org/trans-render/-/trans-render-0.0.892.tgz",
      "integrity": "sha512-WMF7FQFtjs7yPdujDjJZDbN+ytlbIoFuAkR/qfKGqEH1+5jSBNIMuWgToQeH/yTrxDxs9lYWSKRWLyMjAqf39A==",
      "license": "MIT",
      "dependencies": {
        "mount-observer": "0.0.47"
      }
    }
  }
}
