{
  "name": "be-enhanced",
  "version": "0.0.184",
  "lockfileVersion": 3,
  "requires": true,
  "packages": {
    "": {
      "name": "be-enhanced",
      "version": "0.0.184",
      "license": "MIT",
      "dependencies": {
        "trans-render": "0.0.939"
      },
      "devDependencies": {
        "ssi-server": "0.0.1"
      }
    },
    "node_modules/mount-observer": {
      "version": "0.0.91",
      "resolved": "https://registry.npmjs.org/mount-observer/-/mount-observer-0.0.91.tgz",
      "integrity": "sha512-7OGjhTBEYhHqSVL22Mzk+6bsUeCSwKyEvbtoRvrqIjq7eAXAX1xdTnB4wYpuWl8XAt27Ss2Tvhi7hNy7l8jMMg==",
      "license": "MIT"
    },
    "node_modules/ssi-server": {
      "version": "0.0.1",
      "resolved": "https://registry.npmjs.org/ssi-server/-/ssi-server-0.0.1.tgz",
      "integrity": "sha512-HdgGAl+z7O0lq3Bl4cCnj4tKg7mG3rI4srKnaoPTHIzHO4QMMdvP9z6IDRz1fIpgLBMi6b6ZnvbYa2TSPjBhpg==",
      "dev": true
    },
    "node_modules/trans-render": {
      "version": "0.0.939",
      "resolved": "https://registry.npmjs.org/trans-render/-/trans-render-0.0.939.tgz",
      "integrity": "sha512-g9F50+fniItKBtmYyMOKaLqiDw4yrrMYhX/o9bZNy330gP9P5kP6uPD3GtfO6tMAvO4+LxOquOv7qKZ9uqFAJw==",
      "license": "MIT",
      "dependencies": {
        "mount-observer": "0.0.91"
      }
    }
  }
}
