{
  "name": "be-enhanced",
  "version": "0.0.185",
  "lockfileVersion": 3,
  "requires": true,
  "packages": {
    "": {
      "name": "be-enhanced",
      "version": "0.0.185",
      "license": "MIT",
      "dependencies": {
        "trans-render": "0.0.949"
      },
      "devDependencies": {
        "ssi-server": "0.0.1"
      }
    },
    "node_modules/mount-observer": {
      "version": "0.0.98",
      "resolved": "https://registry.npmjs.org/mount-observer/-/mount-observer-0.0.98.tgz",
      "integrity": "sha512-G9DIuX9YC0ol8SQFO2ybLR23hAPiesZO3ym7CM4ThcT0GtxzgL49djDXz56b7HQ25FeHpodGrbf3k7XITD9U+g==",
      "license": "MIT"
    },
    "node_modules/ssi-server": {
      "version": "0.0.1",
      "resolved": "https://registry.npmjs.org/ssi-server/-/ssi-server-0.0.1.tgz",
      "integrity": "sha512-HdgGAl+z7O0lq3Bl4cCnj4tKg7mG3rI4srKnaoPTHIzHO4QMMdvP9z6IDRz1fIpgLBMi6b6ZnvbYa2TSPjBhpg==",
      "dev": true
    },
    "node_modules/trans-render": {
      "version": "0.0.949",
      "resolved": "https://registry.npmjs.org/trans-render/-/trans-render-0.0.949.tgz",
      "integrity": "sha512-iEeIvaTB9GJ5cKRO3sOBmfRfQViJQ0YapE9ag+cTPH4UfS1W90V12bKvs7MfuGdcToxBfblgRJzGjof0KChaRA==",
      "license": "MIT",
      "dependencies": {
        "mount-observer": "0.0.98"
      }
    }
  }
}
